
Microsoft Visual Studio Solution File, Format Version 12.00
# Visual Studio 2013
VisualStudioVersion = 12.0.31101.0
MinimumVisualStudioVersion = 10.0.40219.1
Project("{FAE04EC0-301F-11D3-BF4B-00C04F79EFBC}") = "STOMPClient", "STOMPClient\STOMPClient.csproj", "{2CE96F23-6BA1-438B-9C00-1B20C9DFAA30}"
EndProject
Project("{FAE04EC0-301F-11D3-BF4B-00C04F79EFBC}") = "ClientTest", "ConsoleApplication1\ClientTest.csproj", "{0B9395FC-397F-42FA-B51D-F5800762A7D3}"
EndProject
Global
	GlobalSection(SolutionConfigurationPlatforms) = preSolution
		Debug|Any CPU = Debug|Any CPU
		Release|Any CPU = Release|Any CPU
	EndGlobalSection
	GlobalSection(ProjectConfigurationPlatforms) = postSolution
		{2CE96F23-6BA1-438B-9C00-1B20C9DFAA30}.Debug|Any CPU.ActiveCfg = Debug|Any CPU
		{2CE96F23-6BA1-438B-9C00-1B20C9DFAA30}.Debug|Any CPU.Build.0 = Debug|Any CPU
		{2CE96F23-6BA1-438B-9C00-1B20C9DFAA30}.Release|Any CPU.ActiveCfg = Release|Any CPU
		{2CE96F23-6BA1-438B-9C00-1B20C9DFAA30}.Release|Any CPU.Build.0 = Release|Any CPU
		{0B9395FC-397F-42FA-B51D-F5800762A7D3}.Debug|Any CPU.ActiveCfg = Debug|Any CPU
		{0B9395FC-397F-42FA-B51D-F5800762A7D3}.Debug|Any CPU.Build.0 = Debug|Any CPU
		{0B9395FC-397F-42FA-B51D-F5800762A7D3}.Release|Any CPU.ActiveCfg = Release|Any CPU
		{0B9395FC-397F-42FA-B51D-F5800762A7D3}.Release|Any CPU.Build.0 = Release|Any CPU
	EndGlobalSection
	GlobalSection(SolutionProperties) = preSolution
		HideSolutionNode = FALSE
	EndGlobalSection
EndGlobal
